
Microsoft Visual Studio Solution File, Format Version 12.00
# Visual Studio Version 16
VisualStudioVersion = 16.0.30011.22
MinimumVisualStudioVersion = 10.0.40219.1
Project("{FAE04EC0-301F-11D3-BF4B-00C04F79EFBC}") = "BackEnd", "BackEnd\BackEnd.csproj", "{2BFE21DE-17C6-4941-AC11-69A75A15AA7A}"
EndProject
Global
	GlobalSection(SolutionConfigurationPlatforms) = preSolution
		Debug|Any CPU = Debug|Any CPU
		Release|Any CPU = Release|Any CPU
	EndGlobalSection
	GlobalSection(ProjectConfigurationPlatforms) = postSolution
		{2BFE21DE-17C6-4941-AC11-69A75A15AA7A}.Debug|Any CPU.ActiveCfg = Debug|Any CPU
		{2BFE21DE-17C6-4941-AC11-69A75A15AA7A}.Debug|Any CPU.Build.0 = Debug|Any CPU
		{2BFE21DE-17C6-4941-AC11-69A75A15AA7A}.Release|Any CPU.ActiveCfg = Release|Any CPU
		{2BFE21DE-17C6-4941-AC11-69A75A15AA7A}.Release|Any CPU.Build.0 = Release|Any CPU
	EndGlobalSection
	GlobalSection(SolutionProperties) = preSolution
		HideSolutionNode = FALSE
	EndGlobalSection
	GlobalSection(ExtensibilityGlobals) = postSolution
		SolutionGuid = {A64DF7AC-75FC-4490-A729-8F275914A1AA}
	EndGlobalSection
EndGlobal
